
Microsoft Visual Studio Solution File, Format Version 12.00
# Visual Studio Version 17
VisualStudioVersion = 17.4.33205.214
MinimumVisualStudioVersion = 10.0.40219.1
Project("{FAE04EC0-301F-11D3-BF4B-00C04F79EFBC}") = "Auth.Api", "Auth.Api.csproj", "{EA758BB4-45F8-43BD-9A33-096E4F04C657}"
EndProject
Global
	GlobalSection(SolutionConfigurationPlatforms) = preSolution
		Debug|Any CPU = Debug|Any CPU
		Release|Any CPU = Release|Any CPU
	EndGlobalSection
	GlobalSection(ProjectConfigurationPlatforms) = postSolution
		{EA758BB4-45F8-43BD-9A33-096E4F04C657}.Debug|Any CPU.ActiveCfg = Debug|Any CPU
		{EA758BB4-45F8-43BD-9A33-096E4F04C657}.Debug|Any CPU.Build.0 = Debug|Any CPU
		{EA758BB4-45F8-43BD-9A33-096E4F04C657}.Release|Any CPU.ActiveCfg = Release|Any CPU
		{EA758BB4-45F8-43BD-9A33-096E4F04C657}.Release|Any CPU.Build.0 = Release|Any CPU
	EndGlobalSection
	GlobalSection(SolutionProperties) = preSolution
		HideSolutionNode = FALSE
	EndGlobalSection
	GlobalSection(ExtensibilityGlobals) = postSolution
		SolutionGuid = {C6E8C0FA-6958-4D4E-A4C6-3592F91378DB}
	EndGlobalSection
EndGlobal
