
Microsoft Visual Studio Solution File, Format Version 12.00
# Visual Studio Version 17
VisualStudioVersion = 17.14.36717.8
MinimumVisualStudioVersion = 10.0.40219.1
Project("{FAE04EC0-301F-11D3-BF4B-00C04F79EFBC}") = "Booking.Api", "Booking.Api.csproj", "{053A13AD-FA77-4A87-A097-537574409A46}"
EndProject
Project("{FAE04EC0-301F-11D3-BF4B-00C04F79EFBC}") = "Booking.Domain", "..\Booking.Domain\Booking.Domain.csproj", "{828A9FFA-EB17-46CA-B06F-A31AD5502120}"
EndProject
Project("{FAE04EC0-301F-11D3-BF4B-00C04F79EFBC}") = "Booking.Infrastructure", "..\Booking.Infrastructure\Booking.Infrastructure.csproj", "{08C0587A-A6C3-BC28-3489-D658FE092B56}"
	ProjectSection(ProjectDependencies) = postProject
		{828A9FFA-EB17-46CA-B06F-A31AD5502120} = {828A9FFA-EB17-46CA-B06F-A31AD5502120}
	EndProjectSection
EndProject
Project("{FAE04EC0-301F-11D3-BF4B-00C04F79EFBC}") = "Booking.Application", "..\Booking.Application\Booking.Application.csproj", "{7D1D41DE-0D9E-45C9-8EB4-2699408B321E}"
EndProject
Project("{FAE04EC0-301F-11D3-BF4B-00C04F79EFBC}") = "Booking.Tests", "..\Booking.Tests\Booking.Tests.csproj", "{FAF92FC5-BF5D-45CE-9262-1B4F22E6B54E}"
EndProject
Global
	GlobalSection(SolutionConfigurationPlatforms) = preSolution
		Debug|Any CPU = Debug|Any CPU
		Release|Any CPU = Release|Any CPU
	EndGlobalSection
	GlobalSection(ProjectConfigurationPlatforms) = postSolution
		{053A13AD-FA77-4A87-A097-537574409A46}.Debug|Any CPU.ActiveCfg = Debug|Any CPU
		{053A13AD-FA77-4A87-A097-537574409A46}.Debug|Any CPU.Build.0 = Debug|Any CPU
		{053A13AD-FA77-4A87-A097-537574409A46}.Release|Any CPU.ActiveCfg = Release|Any CPU
		{053A13AD-FA77-4A87-A097-537574409A46}.Release|Any CPU.Build.0 = Release|Any CPU
		{828A9FFA-EB17-46CA-B06F-A31AD5502120}.Debug|Any CPU.ActiveCfg = Debug|Any CPU
		{828A9FFA-EB17-46CA-B06F-A31AD5502120}.Debug|Any CPU.Build.0 = Debug|Any CPU
		{828A9FFA-EB17-46CA-B06F-A31AD5502120}.Release|Any CPU.ActiveCfg = Release|Any CPU
		{828A9FFA-EB17-46CA-B06F-A31AD5502120}.Release|Any CPU.Build.0 = Release|Any CPU
		{08C0587A-A6C3-BC28-3489-D658FE092B56}.Debug|Any CPU.ActiveCfg = Debug|Any CPU
		{08C0587A-A6C3-BC28-3489-D658FE092B56}.Debug|Any CPU.Build.0 = Debug|Any CPU
		{08C0587A-A6C3-BC28-3489-D658FE092B56}.Release|Any CPU.ActiveCfg = Release|Any CPU
		{08C0587A-A6C3-BC28-3489-D658FE092B56}.Release|Any CPU.Build.0 = Release|Any CPU
		{7D1D41DE-0D9E-45C9-8EB4-2699408B321E}.Debug|Any CPU.ActiveCfg = Debug|Any CPU
		{7D1D41DE-0D9E-45C9-8EB4-2699408B321E}.Debug|Any CPU.Build.0 = Debug|Any CPU
		{7D1D41DE-0D9E-45C9-8EB4-2699408B321E}.Release|Any CPU.ActiveCfg = Release|Any CPU
		{7D1D41DE-0D9E-45C9-8EB4-2699408B321E}.Release|Any CPU.Build.0 = Release|Any CPU
		{FAF92FC5-BF5D-45CE-9262-1B4F22E6B54E}.Debug|Any CPU.ActiveCfg = Debug|Any CPU
		{FAF92FC5-BF5D-45CE-9262-1B4F22E6B54E}.Debug|Any CPU.Build.0 = Debug|Any CPU
		{FAF92FC5-BF5D-45CE-9262-1B4F22E6B54E}.Release|Any CPU.ActiveCfg = Release|Any CPU
		{FAF92FC5-BF5D-45CE-9262-1B4F22E6B54E}.Release|Any CPU.Build.0 = Release|Any CPU
	EndGlobalSection
	GlobalSection(SolutionProperties) = preSolution
		HideSolutionNode = FALSE
	EndGlobalSection
	GlobalSection(ExtensibilityGlobals) = postSolution
		SolutionGuid = {692E42FF-8610-47F5-891F-089AA9CEC4DD}
	EndGlobalSection
EndGlobal
